
Microsoft Visual Studio Solution File, Format Version 12.00
# Visual Studio Version 17
VisualStudioVersion = 17.7.34024.191
MinimumVisualStudioVersion = 10.0.40219.1
Project("{8BC9CEB8-8B4A-11D0-8D11-00A0C91BC942}") = "workshop5", "workshop5.vcxproj", "{668FE592-6F03-44AA-AC70-0E3382C71AE2}"
EndProject
Global
	GlobalSection(SolutionConfigurationPlatforms) = preSolution
		Debug|x64 = Debug|x64
		Debug|x86 = Debug|x86
		Release|x64 = Release|x64
		Release|x86 = Release|x86
	EndGlobalSection
	GlobalSection(ProjectConfigurationPlatforms) = postSolution
		{668FE592-6F03-44AA-AC70-0E3382C71AE2}.Debug|x64.ActiveCfg = Debug|x64
		{668FE592-6F03-44AA-AC70-0E3382C71AE2}.Debug|x64.Build.0 = Debug|x64
		{668FE592-6F03-44AA-AC70-0E3382C71AE2}.Debug|x86.ActiveCfg = Debug|Win32
		{668FE592-6F03-44AA-AC70-0E3382C71AE2}.Debug|x86.Build.0 = Debug|Win32
		{668FE592-6F03-44AA-AC70-0E3382C71AE2}.Release|x64.ActiveCfg = Release|x64
		{668FE592-6F03-44AA-AC70-0E3382C71AE2}.Release|x64.Build.0 = Release|x64
		{668FE592-6F03-44AA-AC70-0E3382C71AE2}.Release|x86.ActiveCfg = Release|Win32
		{668FE592-6F03-44AA-AC70-0E3382C71AE2}.Release|x86.Build.0 = Release|Win32
	EndGlobalSection
	GlobalSection(SolutionProperties) = preSolution
		HideSolutionNode = FALSE
	EndGlobalSection
	GlobalSection(ExtensibilityGlobals) = postSolution
		SolutionGuid = {BE886F5C-B9E7-49C8-B5B3-B3BD167DAE3A}
	EndGlobalSection
EndGlobal
