
Microsoft Visual Studio Solution File, Format Version 12.00
# Visual Studio Version 17
VisualStudioVersion = 17.7.34024.191
MinimumVisualStudioVersion = 10.0.40219.1
Project("{8BC9CEB8-8B4A-11D0-8D11-00A0C91BC942}") = "workshop1", "workshop1.vcxproj", "{C1898741-3415-437B-9681-9BB5DA652655}"
EndProject
Global
	GlobalSection(SolutionConfigurationPlatforms) = preSolution
		Debug|x64 = Debug|x64
		Debug|x86 = Debug|x86
		Release|x64 = Release|x64
		Release|x86 = Release|x86
	EndGlobalSection
	GlobalSection(ProjectConfigurationPlatforms) = postSolution
		{C1898741-3415-437B-9681-9BB5DA652655}.Debug|x64.ActiveCfg = Debug|x64
		{C1898741-3415-437B-9681-9BB5DA652655}.Debug|x64.Build.0 = Debug|x64
		{C1898741-3415-437B-9681-9BB5DA652655}.Debug|x86.ActiveCfg = Debug|Win32
		{C1898741-3415-437B-9681-9BB5DA652655}.Debug|x86.Build.0 = Debug|Win32
		{C1898741-3415-437B-9681-9BB5DA652655}.Release|x64.ActiveCfg = Release|x64
		{C1898741-3415-437B-9681-9BB5DA652655}.Release|x64.Build.0 = Release|x64
		{C1898741-3415-437B-9681-9BB5DA652655}.Release|x86.ActiveCfg = Release|Win32
		{C1898741-3415-437B-9681-9BB5DA652655}.Release|x86.Build.0 = Release|Win32
	EndGlobalSection
	GlobalSection(SolutionProperties) = preSolution
		HideSolutionNode = FALSE
	EndGlobalSection
	GlobalSection(ExtensibilityGlobals) = postSolution
		SolutionGuid = {105A26D4-C229-4410-8957-B39A88143308}
	EndGlobalSection
EndGlobal
